<?xml version="1.0" encoding="utf-8"?>
<Project ToolsVersion="4.0" xmlns="http://schemas.microsoft.com/developer/msbuild/2003">
  <ItemGroup>
    <Filter Include="Texture">
      <UniqueIdentifier>{4FC737F1-C7A5-4376-A066-2A32D752A2FF}</UniqueIdentifier>
    </Filter>
    <Filter Include="Texture\Header Files">
      <UniqueIdentifier>{93995380-89BD-4b04-88EB-625FBE52EBFB}</UniqueIdentifier>
      <Extensions>h;hh;hpp;hxx</Extensions>
    </Filter>
    <Filter Include="Texture\Source Files">
      <UniqueIdentifier>{4FC737F1-C7A5-4376-A066-2A32D752A2FD}</UniqueIdentifier>
      <Extensions>cpp;c;cc;cxx</Extensions>
    </Filter>
    <Filter Include="Sprite">
      <UniqueIdentifier>{0f77f2fd-788c-408a-8ce7-27e7164e43bf}</UniqueIdentifier>
    </Filter>
    <Filter Include="Sprite\Header Files">
      <UniqueIdentifier>{0f77f2fd-788c-408a-8ce7-27e7164e43be}</UniqueIdentifier>
      <Extensions>h;hh;hpp;hxx</Extensions>
    </Filter>
    <Filter Include="Sprite\Source Files">
      <UniqueIdentifier>{81de123d-a914-4366-8ba5-8bf07cc51ff8}</UniqueIdentifier>
      <Extensions>cpp;c;cc;cxx</Extensions>
    </Filter>
    <Filter Include="Assets">
      <UniqueIdentifier>{b1e7ca46-ca53-4979-8499-ce53d5c290f4}</UniqueIdentifier>
    </Filter>
    <Filter Include="Assets\Header Files">
      <UniqueIdentifier>{b1e7ca46-ca53-4979-8499-ce53d5c290f5}</UniqueIdentifier>
      <Extensions>h;hh;hpp;hxx</Extensions>
    </Filter>
    <Filter Include="Debug">
      <UniqueIdentifier>{61aba161-a8d6-4401-ba79-29782b13c77e}</UniqueIdentifier>
    </Filter>
    <Filter Include="Debug\Header Files">
      <UniqueIdentifier>{61aba161-a8d6-4401-ba79-29782b13c77f}</UniqueIdentifier>
      <Extensions>h;hh;hpp;hxx</Extensions>
    </Filter>
    <Filter Include="Debug\Source Files">
      <UniqueIdentifier>{16c4da6e-4637-4953-a484-a6741dd65951}</UniqueIdentifier>
      <Extensions>cpp;c;cc;cxx</Extensions>
    </Filter>
    <Filter Include="Audio">
      <UniqueIdentifier>{27f02c8a-c8d8-402f-a1c8-17eb7f66a01e}</UniqueIdentifier>
    </Filter>
    <Filter Include="Audio\SFX">
      <UniqueIdentifier>{36c0a88d-b5a4-4b8b-83c4-0975a3586740}</UniqueIdentifier>
    </Filter>
    <Filter Include="Audio\BGM">
      <UniqueIdentifier>{2e119d4d-7cf0-41a5-b34e-ae84f8871b40}</UniqueIdentifier>
    </Filter>
  </ItemGroup>
  <ItemGroup>
    <ClInclude Include="Texture.h">
      <Filter>Texture\Header Files</Filter>
    </ClInclude>
    <ClInclude Include="TextureManager.h">
      <Filter>Texture\Header Files</Filter>
    </ClInclude>
    <ClInclude Include="Sprite.h">
      <Filter>Sprite\Header Files</Filter>
    </ClInclude>
    <ClInclude Include="SpriteManager.h">
      <Filter>Sprite\Header Files</Filter>
    </ClInclude>
    <ClInclude Include="AssetID.h">
      <Filter>Assets\Header Files</Filter>
    </ClInclude>
    <ClInclude Include="debug.h">
      <Filter>Debug\Header Files</Filter>
    </ClInclude>
  </ItemGroup>
  <ItemGroup>
    <ClCompile Include="TextureManager.cpp">
      <Filter>Texture\Source Files</Filter>
    </ClCompile>
    <ClCompile Include="SpriteManager.cpp">
      <Filter>Sprite\Source Files</Filter>
    </ClCompile>
    <ClCompile Include="debug.cpp">
      <Filter>Debug\Source Files</Filter>
    </ClCompile>
  </ItemGroup>
  <ItemGroup>
    <None Include="packages.config" />
  </ItemGroup>
  <ItemGroup>
    <Media Include="D:\another download\sound\overworld_theme.wav">
      <Filter>Audio\BGM</Filter>
    </Media>
    <Media Include="D:\another download\sound\smb_gameover.wav">
      <Filter>Audio\BGM</Filter>
    </Media>
    <Media Include="D:\another download\sound\smb_mariodie.wav">
      <Filter>Audio\BGM</Filter>
    </Media>
    <Media Include="D:\another download\sound\smb_stage_clear.wav">
      <Filter>Audio\BGM</Filter>
    </Media>
    <Media Include="D:\another download\sound\smb_warning.wav">
      <Filter>Audio\BGM</Filter>
    </Media>
    <Media Include="D:\another download\sound\smb_world_clear.wav">
      <Filter>Audio\BGM</Filter>
    </Media>
    <Media Include="D:\another download\sound\underworld_theme.wav">
      <Filter>Audio\BGM</Filter>
    </Media>
    <Media Include="D:\another download\sound\smb_1-up.wav">
      <Filter>Audio\SFX</Filter>
    </Media>
    <Media Include="D:\another download\sound\smb_bowserfalls.wav">
      <Filter>Audio\SFX</Filter>
    </Media>
    <Media Include="D:\another download\sound\smb_bowserfire.wav">
      <Filter>Audio\SFX</Filter>
    </Media>
    <Media Include="D:\another download\sound\smb_breakblock.wav">
      <Filter>Audio\SFX</Filter>
    </Media>
    <Media Include="D:\another download\sound\smb_bump.wav">
      <Filter>Audio\SFX</Filter>
    </Media>
    <Media Include="D:\another download\sound\smb_coin.wav">
      <Filter>Audio\SFX</Filter>
    </Media>
    <Media Include="D:\another download\sound\smb_fireball.wav">
      <Filter>Audio\SFX</Filter>
    </Media>
    <Media Include="D:\another download\sound\smb_fireworks.wav">
      <Filter>Audio\SFX</Filter>
    </Media>
    <Media Include="D:\another download\sound\smb_flagpole.wav">
      <Filter>Audio\SFX</Filter>
    </Media>
    <Media Include="D:\another download\sound\smb_jump-small.wav">
      <Filter>Audio\SFX</Filter>
    </Media>
    <Media Include="D:\another download\sound\smb_jump-super.wav">
      <Filter>Audio\SFX</Filter>
    </Media>
    <Media Include="D:\another download\sound\smb_kick.wav">
      <Filter>Audio\SFX</Filter>
    </Media>
    <Media Include="D:\another download\sound\smb_pause.wav">
      <Filter>Audio\SFX</Filter>
    </Media>
    <Media Include="D:\another download\sound\smb_powerup.wav">
      <Filter>Audio\SFX</Filter>
    </Media>
    <Media Include="D:\another download\sound\smb_powerup_appears.wav">
      <Filter>Audio\SFX</Filter>
    </Media>
    <Media Include="D:\another download\sound\smb_stomp.wav">
      <Filter>Audio\SFX</Filter>
    </Media>
    <Media Include="D:\another download\sound\smb_vine.wav">
      <Filter>Audio\SFX</Filter>
    </Media>
  </ItemGroup>
</Project>