<?xml version="1.0" encoding="utf-8"?>
<Project ToolsVersion="4.0" xmlns="http://schemas.microsoft.com/developer/msbuild/2003">
  <ItemGroup>
    <Filter Include="Source Files">
      <UniqueIdentifier>{4FC737F1-C7A5-4376-A066-2A32D752A2FF}</UniqueIdentifier>
      <Extensions>cpp;c;cc;cxx;c++;cppm;ixx;def;odl;idl;hpj;bat;asm;asmx</Extensions>
    </Filter>
    <Filter Include="Header Files">
      <UniqueIdentifier>{93995380-89BD-4b04-88EB-625FBE52EBFB}</UniqueIdentifier>
      <Extensions>h;hh;hpp;hxx;h++;hm;inl;inc;ipp;xsd</Extensions>
    </Filter>
    <Filter Include="Header Files\Object">
      <UniqueIdentifier>{07dc5f03-d366-4633-bc45-70fd28b801f6}</UniqueIdentifier>
    </Filter>
    <Filter Include="Header Files\Object\Player">
      <UniqueIdentifier>{b1e7ca46-ca53-4979-8499-ce53d5c290f4}</UniqueIdentifier>
    </Filter>
    <Filter Include="Header Files\Object\StaticObject">
      <UniqueIdentifier>{61aba161-a8d6-4401-ba79-29782b13c77e}</UniqueIdentifier>
    </Filter>
    <Filter Include="Header Files\Object\Bullet">
      <UniqueIdentifier>{f199c178-8ee0-4be5-bc6a-c1eca98c0c13}</UniqueIdentifier>
    </Filter>
    <Filter Include="Header Files\Object\Item">
      <UniqueIdentifier>{a8419ccb-7851-4360-baf7-424a8cd73940}</UniqueIdentifier>
    </Filter>
    <Filter Include="Header Files\Object\Enemy">
      <UniqueIdentifier>{c4e21d13-72d4-4fe0-bf7a-9dd9d77121e0}</UniqueIdentifier>
    </Filter>
    <Filter Include="Header Files\Scene">
      <UniqueIdentifier>{0f77f2fd-788c-408a-8ce7-27e7164e43bf}</UniqueIdentifier>
    </Filter>
    <Filter Include="Source Files\Object">
      <UniqueIdentifier>{90f07e24-de63-4db1-a262-98535361f41a}</UniqueIdentifier>
    </Filter>
    <Filter Include="Source Files\Object\Bullet">
      <UniqueIdentifier>{44bdc7fd-01c4-46cd-ab62-7e23b2e9f77f}</UniqueIdentifier>
    </Filter>
    <Filter Include="Source Files\Object\Player">
      <UniqueIdentifier>{db9f92e6-6e34-40cf-a094-f053bc2cf061}</UniqueIdentifier>
    </Filter>
    <Filter Include="Source Files\Scene">
      <UniqueIdentifier>{81de123d-a914-4366-8ba5-8bf07cc51ff8}</UniqueIdentifier>
    </Filter>
    <Filter Include="Header Files\Object\InvisibleObject">
      <UniqueIdentifier>{6ebb9be3-519b-4ab5-835f-424e4ed7b3e7}</UniqueIdentifier>
    </Filter>
    <Filter Include="Source Files\Object\InvisibleObject">
      <UniqueIdentifier>{7ca4ff27-a279-4eea-bb4f-0d28e7710163}</UniqueIdentifier>
    </Filter>
    <Filter Include="Source Files\Object\StaticObject">
      <UniqueIdentifier>{16c4da6e-4637-4953-a484-a6741dd65951}</UniqueIdentifier>
    </Filter>
  </ItemGroup>
  <ItemGroup>
    <ClCompile Include="Collision.cpp">
      <Filter>Source Files</Filter>
    </ClCompile>
    <ClCompile Include="GameManager.cpp">
      <Filter>Source Files</Filter>
    </ClCompile>
    <ClCompile Include="Bullet.cpp">
      <Filter>Source Files\Object\Bullet</Filter>
    </ClCompile>
    <ClCompile Include="Mario.cpp">
      <Filter>Source Files\Object\Player</Filter>
    </ClCompile>
    <ClCompile Include="Background.cpp">
      <Filter>Source Files\Object</Filter>
    </ClCompile>
    <ClCompile Include="PlayScene.cpp">
      <Filter>Source Files\Scene</Filter>
    </ClCompile>
    <ClCompile Include="SwitchScenePoint.cpp">
      <Filter>Source Files\Object\InvisibleObject</Filter>
    </ClCompile>
    <ClCompile Include="StaticObject.cpp">
      <Filter>Source Files\Object\StaticObject</Filter>
    </ClCompile>
    <ClCompile Include="Brick.cpp">
      <Filter>Source Files\Object\StaticObject</Filter>
    </ClCompile>
    <ClCompile Include="Pipe.cpp">
      <Filter>Source Files\Object\StaticObject</Filter>
    </ClCompile>
    <ClCompile Include="Platform.cpp">
      <Filter>Source Files\Object\StaticObject</Filter>
    </ClCompile>
    <ClCompile Include="DynamicPlatform.cpp">
      <Filter>Source Files</Filter>
    </ClCompile>
  </ItemGroup>
  <ItemGroup>
    <ClInclude Include="Collision.h">
      <Filter>Header Files</Filter>
    </ClInclude>
    <ClInclude Include="GameManager.h">
      <Filter>Header Files</Filter>
    </ClInclude>
    <ClInclude Include="KeyEventHandler.h">
      <Filter>Header Files</Filter>
    </ClInclude>
    <ClInclude Include="Brick.h">
      <Filter>Header Files\Object\StaticObject</Filter>
    </ClInclude>
    <ClInclude Include="Enemy.h">
      <Filter>Header Files\Object\Enemy</Filter>
    </ClInclude>
    <ClInclude Include="Item.h">
      <Filter>Header Files\Object\Item</Filter>
    </ClInclude>
    <ClInclude Include="Pipe.h">
      <Filter>Header Files\Object\StaticObject</Filter>
    </ClInclude>
    <ClInclude Include="Mario.h">
      <Filter>Header Files\Object\Player</Filter>
    </ClInclude>
    <ClInclude Include="MarioKeyHandler.h">
      <Filter>Header Files\Object\Player</Filter>
    </ClInclude>
    <ClInclude Include="StaticObject.h">
      <Filter>Header Files\Object\StaticObject</Filter>
    </ClInclude>
    <ClInclude Include="Bullet.h">
      <Filter>Header Files\Object\Bullet</Filter>
    </ClInclude>
    <ClInclude Include="GameObject.h">
      <Filter>Header Files\Object</Filter>
    </ClInclude>
    <ClInclude Include="PlayScene.h">
      <Filter>Header Files\Scene</Filter>
    </ClInclude>
    <ClInclude Include="Scene.h">
      <Filter>Header Files\Scene</Filter>
    </ClInclude>
    <ClInclude Include="SwitchScenePoint.h">
      <Filter>Header Files\Object\InvisibleObject</Filter>
    </ClInclude>
    <ClInclude Include="InvisibleObject.h">
      <Filter>Header Files\Object\InvisibleObject</Filter>
    </ClInclude>
    <ClInclude Include="Background.h">
      <Filter>Header Files\Object</Filter>
    </ClInclude>
    <ClInclude Include="BrickTest.h">
      <Filter>Header Files\Object</Filter>
    </ClInclude>
    <ClInclude Include="Platform.h">
      <Filter>Header Files\Object\StaticObject</Filter>
    </ClInclude>
    <ClInclude Include="DynamicPlatform.h">
      <Filter>Header Files</Filter>
    </ClInclude>
  </ItemGroup>
  <ItemGroup>
    <None Include="packages.config" />
  </ItemGroup>
</Project>