<?xml version="1.0" encoding="utf-8"?>
<Project ToolsVersion="4.0" xmlns="http://schemas.microsoft.com/developer/msbuild/2003">
  <ItemGroup>
    <Filter Include="Core">
      <UniqueIdentifier>{4FC737F1-C7A5-4376-A066-2A32D752A2FF}</UniqueIdentifier>
    </Filter>
    <Filter Include="Core\Header Files">
      <UniqueIdentifier>{93995380-89BD-4b04-88EB-625FBE52EBFB}</UniqueIdentifier>
      <Extensions>h;hh;hpp;hxx</Extensions>
    </Filter>
    <Filter Include="Core\Source Files">
      <UniqueIdentifier>{4FC737F1-C7A5-4376-A066-2A32D752A2FD}</UniqueIdentifier>
      <Extensions>cpp;c;cc;cxx</Extensions>
    </Filter>
    <Filter Include="Scenes">
      <UniqueIdentifier>{0f77f2fd-788c-408a-8ce7-27e7164e43bf}</UniqueIdentifier>
    </Filter>
    <Filter Include="Scenes\Header Files">
      <UniqueIdentifier>{0f77f2fd-788c-408a-8ce7-27e7164e43be}</UniqueIdentifier>
      <Extensions>h;hh;hpp;hxx</Extensions>
    </Filter>
    <Filter Include="Scenes\Source Files">
      <UniqueIdentifier>{81de123d-a914-4366-8ba5-8bf07cc51ff8}</UniqueIdentifier>
      <Extensions>cpp;c;cc;cxx</Extensions>
    </Filter>
    <Filter Include="Objects">
      <UniqueIdentifier>{90f07e24-de63-4db1-a262-98535361f41a}</UniqueIdentifier>
    </Filter>
    <Filter Include="Objects\Player">
      <UniqueIdentifier>{b1e7ca46-ca53-4979-8499-ce53d5c290f4}</UniqueIdentifier>
    </Filter>
    <Filter Include="Objects\Player\Header Files">
      <UniqueIdentifier>{b1e7ca46-ca53-4979-8499-ce53d5c290f5}</UniqueIdentifier>
      <Extensions>h;hh;hpp;hxx</Extensions>
    </Filter>
    <Filter Include="Objects\Player\Source Files">
      <UniqueIdentifier>{db9f92e6-6e34-40cf-a094-f053bc2cf061}</UniqueIdentifier>
      <Extensions>cpp;c;cc;cxx</Extensions>
    </Filter>
    <Filter Include="Objects\Bullet">
      <UniqueIdentifier>{f199c178-8ee0-4be5-bc6a-c1eca98c0c13}</UniqueIdentifier>
    </Filter>
    <Filter Include="Objects\Bullet\Header Files">
      <UniqueIdentifier>{f199c178-8ee0-4be5-bc6a-c1eca98c0c14}</UniqueIdentifier>
      <Extensions>h;hh;hpp;hxx</Extensions>
    </Filter>
    <Filter Include="Objects\Bullet\Source Files">
      <UniqueIdentifier>{44bdc7fd-01c4-46cd-ab62-7e23b2e9f77f}</UniqueIdentifier>
      <Extensions>cpp;c;cc;cxx</Extensions>
    </Filter>
    <Filter Include="Objects\Enemy">
      <UniqueIdentifier>{c4e21d13-72d4-4fe0-bf7a-9dd9d77121e0}</UniqueIdentifier>
    </Filter>
    <Filter Include="Objects\Enemy\Header Files">
      <UniqueIdentifier>{c4e21d13-72d4-4fe0-bf7a-9dd9d77121e1}</UniqueIdentifier>
      <Extensions>h;hh;hpp;hxx</Extensions>
    </Filter>
    <Filter Include="Objects\Enemy\Source Files">
      <UniqueIdentifier>{c4e21d13-72d4-4fe0-bf7a-9dd9d77121e2}</UniqueIdentifier>
      <Extensions>cpp;c;cc;cxx</Extensions>
    </Filter>
    <Filter Include="Objects\Item">
      <UniqueIdentifier>{a8419ccb-7851-4360-baf7-424a8cd73940}</UniqueIdentifier>
    </Filter>
    <Filter Include="Objects\Item\Header Files">
      <UniqueIdentifier>{a8419ccb-7851-4360-baf7-424a8cd73941}</UniqueIdentifier>
      <Extensions>h;hh;hpp;hxx</Extensions>
    </Filter>
    <Filter Include="Objects\Item\Source Files">
      <UniqueIdentifier>{a8419ccb-7851-4360-baf7-424a8cd73942}</UniqueIdentifier>
      <Extensions>cpp;c;cc;cxx</Extensions>
    </Filter>
    <Filter Include="Objects\Static">
      <UniqueIdentifier>{61aba161-a8d6-4401-ba79-29782b13c77e}</UniqueIdentifier>
    </Filter>
    <Filter Include="Objects\Static\Header Files">
      <UniqueIdentifier>{61aba161-a8d6-4401-ba79-29782b13c77f}</UniqueIdentifier>
      <Extensions>h;hh;hpp;hxx</Extensions>
    </Filter>
    <Filter Include="Objects\Static\Source Files">
      <UniqueIdentifier>{16c4da6e-4637-4953-a484-a6741dd65951}</UniqueIdentifier>
      <Extensions>cpp;c;cc;cxx</Extensions>
    </Filter>
    <Filter Include="Objects\Dynamic">
      <UniqueIdentifier>{07dc5f03-d366-4633-bc45-70fd28b801f6}</UniqueIdentifier>
    </Filter>
    <Filter Include="Objects\Dynamic\Header Files">
      <UniqueIdentifier>{07dc5f03-d366-4633-bc45-70fd28b801f7}</UniqueIdentifier>
      <Extensions>h;hh;hpp;hxx</Extensions>
    </Filter>
    <Filter Include="Objects\Dynamic\Source Files">
      <UniqueIdentifier>{07dc5f03-d366-4633-bc45-70fd28b801f8}</UniqueIdentifier>
      <Extensions>cpp;c;cc;cxx</Extensions>
    </Filter>
    <Filter Include="Objects\Invisible">
      <UniqueIdentifier>{6ebb9be3-519b-4ab5-835f-424e4ed7b3e7}</UniqueIdentifier>
    </Filter>
    <Filter Include="Objects\Invisible\Header Files">
      <UniqueIdentifier>{6ebb9be3-519b-4ab5-835f-424e4ed7b3e8}</UniqueIdentifier>
      <Extensions>h;hh;hpp;hxx</Extensions>
    </Filter>
    <Filter Include="Objects\Invisible\Source Files">
      <UniqueIdentifier>{7ca4ff27-a279-4eea-bb4f-0d28e7710163}</UniqueIdentifier>
      <Extensions>cpp;c;cc;cxx</Extensions>
    </Filter>
    <Filter Include="Objects\Effect">
      <UniqueIdentifier>{a1b2c3d4-e5f6-4a7b-8c9d-0e1f2a3b4c50}</UniqueIdentifier>
    </Filter>
    <Filter Include="Objects\Effect\Header Files">
      <UniqueIdentifier>{a1b2c3d4-e5f6-4a7b-8c9d-0e1f2a3b4c51}</UniqueIdentifier>
      <Extensions>h;hh;hpp;hxx</Extensions>
    </Filter>
    <Filter Include="Objects\Effect\Source Files">
      <UniqueIdentifier>{a1b2c3d4-e5f6-4a7b-8c9d-0e1f2a3b4c52}</UniqueIdentifier>
      <Extensions>cpp;c;cc;cxx</Extensions>
    </Filter>
  </ItemGroup>
  <ItemGroup>
    <ClInclude Include="Core\Scene.h">
      <Filter>Core\Header Files</Filter>
    </ClInclude>
    <ClInclude Include="Core\GameObject.h">
      <Filter>Core\Header Files</Filter>
    </ClInclude>
    <ClInclude Include="Core\Collision.h">
      <Filter>Core\Header Files</Filter>
    </ClInclude>
    <ClInclude Include="Core\KeyEventHandler.h">
      <Filter>Core\Header Files</Filter>
    </ClInclude>
    <ClInclude Include="Core\GameManager.h">
      <Filter>Core\Header Files</Filter>
    </ClInclude>
    <ClInclude Include="Core\MenuKeyHandler.h">
      <Filter>Core\Header Files</Filter>
    </ClInclude>
    <ClInclude Include="Core\PauseKeyHandler.h">
      <Filter>Core\Header Files</Filter>
    </ClInclude>
    <ClInclude Include="Core\GameOverHandler.h">
      <Filter>Core\Header Files</Filter>
    </ClInclude>
    <ClInclude Include="Core\ScoreManager.h">
      <Filter>Core\Header Files</Filter>
    </ClInclude>
    <ClInclude Include="Objects\Player\MarioPhysics.h">
      <Filter>Objects\Player\Header Files</Filter>
    </ClInclude>
    <ClInclude Include="Scenes\PlayScene.h">
      <Filter>Scenes\Header Files</Filter>
    </ClInclude>
    <ClInclude Include="Scenes\HelpScene.h">
      <Filter>Scenes\Header Files</Filter>
    </ClInclude>
    <ClInclude Include="Scenes\LevelScene.h">
      <Filter>Scenes\Header Files</Filter>
    </ClInclude>
    <ClInclude Include="Scenes\HUD.h">
      <Filter>Scenes\Header Files</Filter>
    </ClInclude>
    <ClInclude Include="Scenes\MenuHUD.h">
      <Filter>Scenes\Header Files</Filter>
    </ClInclude>
    <ClInclude Include="Scenes\Background.h">
      <Filter>Scenes\Header Files</Filter>
    </ClInclude>
    <ClInclude Include="Scenes\MenuOptions.h">
      <Filter>Scenes\Header Files</Filter>
    </ClInclude>
    <ClInclude Include="Scenes\LivesNumber.h">
      <Filter>Scenes\Header Files</Filter>
    </ClInclude>
    <ClInclude Include="Objects\Player\Mario.h">
      <Filter>Objects\Player\Header Files</Filter>
    </ClInclude>
    <ClInclude Include="Objects\Player\MarioKeyHandler.h">
      <Filter>Objects\Player\Header Files</Filter>
    </ClInclude>
    <ClInclude Include="Objects\Player\PlayerData.h">
      <Filter>Objects\Player\Header Files</Filter>
    </ClInclude>
    <ClInclude Include="Objects\Bullet\Bullet.h">
      <Filter>Objects\Bullet\Header Files</Filter>
    </ClInclude>
    <ClInclude Include="Objects\Enemy\Enemy.h">
      <Filter>Objects\Enemy\Header Files</Filter>
    </ClInclude>
    <ClInclude Include="Objects\Enemy\Blooper.h">
      <Filter>Objects\Enemy\Header Files</Filter>
    </ClInclude>
    <ClInclude Include="Objects\Enemy\Bowser.h">
      <Filter>Objects\Enemy\Header Files</Filter>
    </ClInclude>
    <ClInclude Include="Objects\Enemy\BowserFire.h">
      <Filter>Objects\Enemy\Header Files</Filter>
    </ClInclude>
    <ClInclude Include="Objects\Bullet\BowserFireball.h">
      <Filter>Objects\Bullet\Header Files</Filter>
    </ClInclude>
    <ClInclude Include="Objects\Enemy\BulletBill.h">
      <Filter>Objects\Enemy\Header Files</Filter>
    </ClInclude>
    <ClInclude Include="Objects\Enemy\BuzzyBeetle.h">
      <Filter>Objects\Enemy\Header Files</Filter>
    </ClInclude>
    <ClInclude Include="Objects\Static\Cannon.h">
      <Filter>Objects\Static\Header Files</Filter>
    </ClInclude>
    <ClInclude Include="Objects\Enemy\Goomba.h">
      <Filter>Objects\Enemy\Header Files</Filter>
    </ClInclude>
    <ClInclude Include="Objects\Bullet\Hammer.h">
      <Filter>Objects\Bullet\Header Files</Filter>
    </ClInclude>
    <ClInclude Include="Objects\Enemy\HammerBro.h">
      <Filter>Objects\Enemy\Header Files</Filter>
    </ClInclude>
    <ClInclude Include="Objects\Enemy\Koopa.h">
      <Filter>Objects\Enemy\Header Files</Filter>
    </ClInclude>
    <ClInclude Include="Objects\Enemy\Lakitu.h">
      <Filter>Objects\Enemy\Header Files</Filter>
    </ClInclude>
    <ClInclude Include="Objects\Enemy\PiranhaPlant.h">
      <Filter>Objects\Enemy\Header Files</Filter>
    </ClInclude>
    <ClInclude Include="Objects\Enemy\Podoboo.h">
      <Filter>Objects\Enemy\Header Files</Filter>
    </ClInclude>
    <ClInclude Include="Objects\Enemy\Spiny.h">
      <Filter>Objects\Enemy\Header Files</Filter>
    </ClInclude>
    <ClInclude Include="Objects\Item\Item.h">
      <Filter>Objects\Item\Header Files</Filter>
    </ClInclude>
    <ClInclude Include="Objects\Item\Coin.h">
      <Filter>Objects\Item\Header Files</Filter>
    </ClInclude>
    <ClInclude Include="Objects\Item\ItemCoin2.h">
      <Filter>Objects\Item\Header Files</Filter>
    </ClInclude>
    <ClInclude Include="Objects\Effect\CoinCollectEffect.h">
      <Filter>Objects\Effect\Header Files</Filter>
    </ClInclude>
    <ClInclude Include="Objects\Effect\CoinPopupEffect.h">
      <Filter>Objects\Effect\Header Files</Filter>
    </ClInclude>
    <ClInclude Include="Objects\Item\Mushroom1Up.h">
      <Filter>Objects\Item\Header Files</Filter>
    </ClInclude>
    <ClInclude Include="Objects\Static\StaticObject.h">
      <Filter>Objects\Static\Header Files</Filter>
    </ClInclude>
    <ClInclude Include="Objects\Static\Brick.h">
      <Filter>Objects\Static\Header Files</Filter>
    </ClInclude>
    <ClInclude Include="Objects\Static\QuestionBlock.h">
      <Filter>Objects\Static\Header Files</Filter>
    </ClInclude>
    <ClInclude Include="Objects\Static\BrickFragment.h">
      <Filter>Objects\Static\Header Files</Filter>
    </ClInclude>
    <ClInclude Include="Objects\Static\BrickTest.h">
      <Filter>Objects\Static\Header Files</Filter>
    </ClInclude>
    <ClInclude Include="Objects\Static\Pipe.h">
      <Filter>Objects\Static\Header Files</Filter>
    </ClInclude>
    <ClInclude Include="Objects\Static\Platform.h">
      <Filter>Objects\Static\Header Files</Filter>
    </ClInclude>
    <ClInclude Include="Objects\Dynamic\DynamicPlatform.h">
      <Filter>Objects\Dynamic\Header Files</Filter>
    </ClInclude>
    <ClInclude Include="Objects\Invisible\InvisibleObject.h">
      <Filter>Objects\Invisible\Header Files</Filter>
    </ClInclude>
    <ClInclude Include="Objects\Invisible\DeathZone.h">
      <Filter>Objects\Invisible\Header Files</Filter>
    </ClInclude>
    <ClInclude Include="Objects\Invisible\SwitchScenePoint.h">
      <Filter>Objects\Invisible\Header Files</Filter>
    </ClInclude>
    <ClInclude Include="Objects\Invisible\EnemyTurnBlock.h">
      <Filter>Objects\Invisible\Header Files</Filter>
    </ClInclude>
    <ClInclude Include="Objects\Item\Mushroom.h">
      <Filter>Objects\Item\Header Files</Filter>
    </ClInclude>
    <ClInclude Include="Objects\Item\FireFlower.h">
      <Filter>Objects\Item\Header Files</Filter>
    </ClInclude>
    <ClInclude Include="Objects\Item\PoisonMushroom.h">
      <Filter>Objects\Item\Header Files</Filter>
    </ClInclude>
    <ClInclude Include="Objects\Item\SuperStar.h">
      <Filter>Objects\Item\Header Files</Filter>
    </ClInclude>
    <ClInclude Include="Objects\Item\Axe.h">
      <Filter>Objects\Item\Header Files</Filter>
    </ClInclude>
    <ClInclude Include="Objects\Static\CastleBridge.h">
      <Filter>Objects\Static\Header Files</Filter>
    </ClInclude>
    <ClInclude Include="Objects\Effect\WindCycle.h">
      <Filter>Objects\Effect\Header Files</Filter>
    </ClInclude>
    <ClInclude Include="Objects\Effect\WindEffect.h">
      <Filter>Objects\Effect\Header Files</Filter>
    </ClInclude>
    <ClInclude Include="Objects\Effect\EarthquakeCycle.h">
      <Filter>Objects\Effect\Header Files</Filter>
    </ClInclude>
    <ClInclude Include="Core\MarioPhysics.h">
      <Filter>Objects\Player\Header Files</Filter>
    </ClInclude>
    <ClInclude Include="EarthquakeCycle.h">
      <Filter>Objects\Dynamic\Header Files</Filter>
    </ClInclude>
    <ClInclude Include="Core\ScoreManager.h">
      <Filter>Scenes\Header Files</Filter>
    </ClInclude>
  </ItemGroup>
  <ItemGroup>
    <ClCompile Include="Core\Collision.cpp">
      <Filter>Core\Source Files</Filter>
    </ClCompile>
    <ClCompile Include="Core\GameManager.cpp">
      <Filter>Core\Source Files</Filter>
    </ClCompile>
    <ClCompile Include="Core\ScoreManager.cpp">
      <Filter>Core\Source Files</Filter>
    </ClCompile>
    <ClCompile Include="Objects\Player\MarioPhysics.cpp">
      <Filter>Objects\Player\Source Files</Filter>
    </ClCompile>
    <ClCompile Include="Scenes\PlayScene.cpp">
      <Filter>Scenes\Source Files</Filter>
    </ClCompile>
    <ClCompile Include="Scenes\HelpScene.cpp">
      <Filter>Scenes\Source Files</Filter>
    </ClCompile>
    <ClCompile Include="Scenes\LevelScene.cpp">
      <Filter>Scenes\Source Files</Filter>
    </ClCompile>
    <ClCompile Include="Scenes\HUD.cpp">
      <Filter>Scenes\Source Files</Filter>
    </ClCompile>
    <ClCompile Include="Scenes\MenuHUD.cpp">
      <Filter>Scenes\Source Files</Filter>
    </ClCompile>
    <ClCompile Include="Scenes\Background.cpp">
      <Filter>Scenes\Source Files</Filter>
    </ClCompile>
    <ClCompile Include="Objects\Player\Mario.cpp">
      <Filter>Objects\Player\Source Files</Filter>
    </ClCompile>
    <ClCompile Include="Objects\Bullet\Bullet.cpp">
      <Filter>Objects\Bullet\Source Files</Filter>
    </ClCompile>
    <ClCompile Include="Objects\Static\StaticObject.cpp">
      <Filter>Objects\Static\Source Files</Filter>
    </ClCompile>
    <ClCompile Include="Objects\Static\Brick.cpp">
      <Filter>Objects\Static\Source Files</Filter>
    </ClCompile>
    <ClCompile Include="Objects\Static\QuestionBlock.cpp">
      <Filter>Objects\Static\Source Files</Filter>
    </ClCompile>
    <ClCompile Include="Objects\Static\BrickFragment.cpp">
      <Filter>Objects\Static\Source Files</Filter>
    </ClCompile>
    <ClCompile Include="Objects\Static\Pipe.cpp">
      <Filter>Objects\Static\Source Files</Filter>
    </ClCompile>
    <ClCompile Include="Objects\Static\Platform.cpp">
      <Filter>Objects\Static\Source Files</Filter>
    </ClCompile>
    <ClCompile Include="Objects\Dynamic\DynamicPlatform.cpp">
      <Filter>Objects\Dynamic\Source Files</Filter>
    </ClCompile>
    <ClCompile Include="Objects\Invisible\DeathZone.cpp">
      <Filter>Objects\Invisible\Source Files</Filter>
    </ClCompile>
    <ClCompile Include="Objects\Invisible\SwitchScenePoint.cpp">
      <Filter>Objects\Invisible\Source Files</Filter>
    </ClCompile>
    <ClCompile Include="Objects\Invisible\EnemyTurnBlock.cpp">
      <Filter>Objects\Invisible\Source Files</Filter>
    </ClCompile>
    <ClCompile Include="Objects\Item\Mushroom.cpp">
      <Filter>Objects\Item\Source Files</Filter>
    </ClCompile>
    <ClCompile Include="Objects\Item\FireFlower.cpp">
      <Filter>Objects\Item\Source Files</Filter>
    </ClCompile>
    <ClCompile Include="Objects\Item\PoisonMushroom.cpp">
      <Filter>Objects\Item\Source Files</Filter>
    </ClCompile>
    <ClCompile Include="Objects\Item\SuperStar.cpp">
      <Filter>Objects\Item\Source Files</Filter>
    </ClCompile>
    <ClCompile Include="Objects\Item\Axe.cpp">
      <Filter>Objects\Item\Source Files</Filter>
    </ClCompile>
    <ClCompile Include="Objects\Static\CastleBridge.cpp">
      <Filter>Objects\Static\Source Files</Filter>
    </ClCompile>
    <ClCompile Include="Objects\Enemy\Blooper.cpp">
      <Filter>Objects\Enemy\Source Files</Filter>
    </ClCompile>
    <ClCompile Include="Objects\Enemy\Bowser.cpp">
      <Filter>Objects\Enemy\Source Files</Filter>
    </ClCompile>
    <ClCompile Include="Objects\Enemy\BowserFire.cpp">
      <Filter>Objects\Enemy\Source Files</Filter>
    </ClCompile>
    <ClCompile Include="Objects\Bullet\BowserFireball.cpp">
      <Filter>Objects\Bullet\Source Files</Filter>
    </ClCompile>
    <ClCompile Include="Objects\Enemy\BulletBill.cpp">
      <Filter>Objects\Enemy\Source Files</Filter>
    </ClCompile>
    <ClCompile Include="Objects\Enemy\BuzzyBeetle.cpp">
      <Filter>Objects\Enemy\Source Files</Filter>
    </ClCompile>
    <ClCompile Include="Objects\Static\Cannon.cpp">
      <Filter>Objects\Static\Source Files</Filter>
    </ClCompile>
    <ClCompile Include="Objects\Enemy\Goomba.cpp">
      <Filter>Objects\Enemy\Source Files</Filter>
    </ClCompile>
    <ClCompile Include="Objects\Bullet\Hammer.cpp">
      <Filter>Objects\Bullet\Source Files</Filter>
    </ClCompile>
    <ClCompile Include="Objects\Enemy\HammerBro.cpp">
      <Filter>Objects\Enemy\Source Files</Filter>
    </ClCompile>
    <ClCompile Include="Objects\Enemy\Koopa.cpp">
      <Filter>Objects\Enemy\Source Files</Filter>
    </ClCompile>
    <ClCompile Include="Objects\Enemy\Lakitu.cpp">
      <Filter>Objects\Enemy\Source Files</Filter>
    </ClCompile>
    <ClCompile Include="Objects\Enemy\PiranhaPlant.cpp">
      <Filter>Objects\Enemy\Source Files</Filter>
    </ClCompile>
    <ClCompile Include="Objects\Enemy\Podoboo.cpp">
      <Filter>Objects\Enemy\Source Files</Filter>
    </ClCompile>
    <ClCompile Include="Objects\Enemy\Spiny.cpp">
      <Filter>Objects\Enemy\Source Files</Filter>
    </ClCompile>
    <ClCompile Include="Objects\Item\Coin.cpp">
      <Filter>Objects\Item\Source Files</Filter>
    </ClCompile>
    <ClCompile Include="Objects\Item\ItemCoin2.cpp">
      <Filter>Objects\Item\Source Files</Filter>
    </ClCompile>
    <ClCompile Include="Objects\Effect\CoinCollectEffect.cpp">
      <Filter>Objects\Effect\Source Files</Filter>
    </ClCompile>
    <ClCompile Include="Objects\Effect\CoinPopupEffect.cpp">
      <Filter>Objects\Effect\Source Files</Filter>
    </ClCompile>
    <ClCompile Include="Objects\Item\Mushroom1Up.cpp">
      <Filter>Objects\Item\Source Files</Filter>
    </ClCompile>
    <ClCompile Include="Objects\Effect\WindCycle.cpp">
      <Filter>Objects\Effect\Source Files</Filter>
    </ClCompile>
    <ClCompile Include="Objects\Effect\WindEffect.cpp">
      <Filter>Objects\Effect\Source Files</Filter>
    </ClCompile>
    <ClCompile Include="Objects\Effect\EarthquakeCycle.cpp">
      <Filter>Objects\Effect\Source Files</Filter>
    </ClCompile>
    <ClCompile Include="Core\MarioPhysics.cpp">
      <Filter>Objects\Player\Source Files</Filter>
    </ClCompile>
    <ClCompile Include="EarthquakeCycle.cpp">
      <Filter>Objects\Dynamic\Source Files</Filter>
    </ClCompile>
    <ClCompile Include="Core\ScoreManager.cpp">
      <Filter>Scenes\Source Files</Filter>
    </ClCompile>
  </ItemGroup>
  <ItemGroup>
    <None Include="packages.config" />
  </ItemGroup>
</Project>
